
Microsoft Visual Studio Solution File, Format Version 12.00
Project("{FAE04EC0-301F-11D3-BF4B-00C04F79EFBC}") = "LLMUsageBar", "LLMUsageBar.csproj", "{EEF34E02-B15A-432F-8165-D1F4DF0E7620}"
EndProject
Global
	GlobalSection(SolutionConfigurationPlatforms) = preSolution
		Debug|Any CPU = Debug|Any CPU
		Release|Any CPU = Release|Any CPU
	EndGlobalSection
	GlobalSection(ProjectConfigurationPlatforms) = postSolution
		{EEF34E02-B15A-432F-8165-D1F4DF0E7620}.Debug|Any CPU.ActiveCfg = Debug|Any CPU
		{EEF34E02-B15A-432F-8165-D1F4DF0E7620}.Debug|Any CPU.Build.0 = Debug|Any CPU
		{EEF34E02-B15A-432F-8165-D1F4DF0E7620}.Release|Any CPU.ActiveCfg = Release|Any CPU
		{EEF34E02-B15A-432F-8165-D1F4DF0E7620}.Release|Any CPU.Build.0 = Release|Any CPU
	EndGlobalSection
EndGlobal
